{
  "name": "ui-io",
  "version": "1.0.0",
  "lockfileVersion": 2,
  "requires": true,
  "packages": {
    "": {
      "name": "ui-io",
      "version": "1.0.0",
      "license": "ISC",
      "dependencies": {
        "fs-serve": "^2.0.1",
        "make-import-map": "^1.0.0"
      }
    },
    "node_modules/fs-serve": {
      "version": "2.0.1",
      "resolved": "https://registry.npmjs.org/fs-serve/-/fs-serve-2.0.1.tgz",
      "integrity": "sha512-Bl0ZzL4CVtzYiObSnUf3jgHPmtXRZrNRD41ekUYqvcI/lISRqKaz6X2rJd64l3shb8lUg9ZPy2PgLePPAV7jEQ==",
      "bin": {
        "fs-serve": "cli.js"
      }
    },
    "node_modules/make-import-map": {
      "version": "1.0.0",
      "resolved": "https://registry.npmjs.org/make-import-map/-/make-import-map-1.0.0.tgz",
      "integrity": "sha512-nNJpu+sctS7S1UofzAfBymPOSGXI45daRSzTEOmsiyNtd72pf+JBRTyHgM4VWDAjfEFEzAnZToY2qJ/c+iuYbw==",
      "bin": {
        "make-import-map": "cli.js"
      }
    }
  },
  "dependencies": {
    "fs-serve": {
      "version": "2.0.1",
      "resolved": "https://registry.npmjs.org/fs-serve/-/fs-serve-2.0.1.tgz",
      "integrity": "sha512-Bl0ZzL4CVtzYiObSnUf3jgHPmtXRZrNRD41ekUYqvcI/lISRqKaz6X2rJd64l3shb8lUg9ZPy2PgLePPAV7jEQ=="
    },
    "make-import-map": {
      "version": "1.0.0",
      "resolved": "https://registry.npmjs.org/make-import-map/-/make-import-map-1.0.0.tgz",
      "integrity": "sha512-nNJpu+sctS7S1UofzAfBymPOSGXI45daRSzTEOmsiyNtd72pf+JBRTyHgM4VWDAjfEFEzAnZToY2qJ/c+iuYbw=="
    }
  }
}
